
Microsoft Visual Studio Solution File, Format Version 12.00
# Visual Studio 14
VisualStudioVersion = 14.0.25420.1
MinimumVisualStudioVersion = 10.0.40219.1
Project("{FAE04EC0-301F-11D3-BF4B-00C04F79EFBC}") = "API", "API\API.csproj", "{0E0D432E-31A3-45A7-90B6-504417C08B38}"
EndProject
Project("{FAE04EC0-301F-11D3-BF4B-00C04F79EFBC}") = "Tests.Acceptance", "Tests.Acceptance\Tests.Acceptance.csproj", "{24C3B099-3384-4632-B9DF-329465082EE7}"
EndProject
Project("{FAE04EC0-301F-11D3-BF4B-00C04F79EFBC}") = "Tests.Unit", "Tests.Unit\Tests.Unit.csproj", "{A000F2E0-9324-45A6-97E7-178AFEB428E8}"
EndProject
Project("{FAE04EC0-301F-11D3-BF4B-00C04F79EFBC}") = "Tests.Integration", "Tests.Integration\Tests.Integration.csproj", "{CCA72168-B43E-4457-A030-502B37BB09D9}"
EndProject
Global
	GlobalSection(SolutionConfigurationPlatforms) = preSolution
		Debug|Any CPU = Debug|Any CPU
		Release|Any CPU = Release|Any CPU
	EndGlobalSection
	GlobalSection(ProjectConfigurationPlatforms) = postSolution
		{0E0D432E-31A3-45A7-90B6-504417C08B38}.Debug|Any CPU.ActiveCfg = Debug|Any CPU
		{0E0D432E-31A3-45A7-90B6-504417C08B38}.Debug|Any CPU.Build.0 = Debug|Any CPU
		{0E0D432E-31A3-45A7-90B6-504417C08B38}.Release|Any CPU.ActiveCfg = Release|Any CPU
		{0E0D432E-31A3-45A7-90B6-504417C08B38}.Release|Any CPU.Build.0 = Release|Any CPU
		{24C3B099-3384-4632-B9DF-329465082EE7}.Debug|Any CPU.ActiveCfg = Debug|Any CPU
		{24C3B099-3384-4632-B9DF-329465082EE7}.Debug|Any CPU.Build.0 = Debug|Any CPU
		{24C3B099-3384-4632-B9DF-329465082EE7}.Release|Any CPU.ActiveCfg = Release|Any CPU
		{24C3B099-3384-4632-B9DF-329465082EE7}.Release|Any CPU.Build.0 = Release|Any CPU
		{A000F2E0-9324-45A6-97E7-178AFEB428E8}.Debug|Any CPU.ActiveCfg = Debug|Any CPU
		{A000F2E0-9324-45A6-97E7-178AFEB428E8}.Debug|Any CPU.Build.0 = Debug|Any CPU
		{A000F2E0-9324-45A6-97E7-178AFEB428E8}.Release|Any CPU.ActiveCfg = Release|Any CPU
		{A000F2E0-9324-45A6-97E7-178AFEB428E8}.Release|Any CPU.Build.0 = Release|Any CPU
		{CCA72168-B43E-4457-A030-502B37BB09D9}.Debug|Any CPU.ActiveCfg = Debug|Any CPU
		{CCA72168-B43E-4457-A030-502B37BB09D9}.Debug|Any CPU.Build.0 = Debug|Any CPU
		{CCA72168-B43E-4457-A030-502B37BB09D9}.Release|Any CPU.ActiveCfg = Release|Any CPU
		{CCA72168-B43E-4457-A030-502B37BB09D9}.Release|Any CPU.Build.0 = Release|Any CPU
	EndGlobalSection
	GlobalSection(SolutionProperties) = preSolution
		HideSolutionNode = FALSE
	EndGlobalSection
EndGlobal
